
Microsoft Visual Studio Solution File, Format Version 12.00
# Visual Studio Version 17
VisualStudioVersion = 17.2.32616.157
MinimumVisualStudioVersion = 10.0.40219.1
Project("{9A19103F-16F7-4668-BE54-9A1E7A4F7556}") = "TestNet5_Redis", "TestNet5_Redis\TestNet5_Redis.csproj", "{3498B4CC-0F8C-4C42-A05F-E42BEFC6DF54}"
EndProject
Global
	GlobalSection(SolutionConfigurationPlatforms) = preSolution
		Debug|Any CPU = Debug|Any CPU
		Release|Any CPU = Release|Any CPU
	EndGlobalSection
	GlobalSection(ProjectConfigurationPlatforms) = postSolution
		{3498B4CC-0F8C-4C42-A05F-E42BEFC6DF54}.Debug|Any CPU.ActiveCfg = Debug|Any CPU
		{3498B4CC-0F8C-4C42-A05F-E42BEFC6DF54}.Debug|Any CPU.Build.0 = Debug|Any CPU
		{3498B4CC-0F8C-4C42-A05F-E42BEFC6DF54}.Release|Any CPU.ActiveCfg = Release|Any CPU
		{3498B4CC-0F8C-4C42-A05F-E42BEFC6DF54}.Release|Any CPU.Build.0 = Release|Any CPU
	EndGlobalSection
	GlobalSection(SolutionProperties) = preSolution
		HideSolutionNode = FALSE
	EndGlobalSection
	GlobalSection(ExtensibilityGlobals) = postSolution
		SolutionGuid = {E8D458EE-7672-4777-AB23-44C73CEE7311}
	EndGlobalSection
EndGlobal
